
Microsoft Visual Studio Solution File, Format Version 12.00
# Visual Studio Version 16
VisualStudioVersion = 16.0.32428.217
MinimumVisualStudioVersion = 10.0.40219.1
Project("{9A19103F-16F7-4668-BE54-9A1E7A4F7556}") = "ConsoleApp2", "ConsoleApp2\ConsoleApp2.csproj", "{A507B9C6-DF9E-4FE8-9CB2-D584996594E4}"
EndProject
Project("{2150E333-8FDC-42A3-9474-1A3956D46DE8}") = "OOPS", "OOPS", "{9EB50DB2-103E-4CBC-978A-8A13EE2EF545}"
EndProject
Project("{FAE04EC0-301F-11D3-BF4B-00C04F79EFBC}") = "cs_SimpleProject", "cs_SimpleProject\cs_SimpleProject.csproj", "{7A2883D4-C29C-44D5-A49E-81F0CDCE3A96}"
EndProject
Global
	GlobalSection(SolutionConfigurationPlatforms) = preSolution
		Debug|Any CPU = Debug|Any CPU
		Release|Any CPU = Release|Any CPU
	EndGlobalSection
	GlobalSection(ProjectConfigurationPlatforms) = postSolution
		{A507B9C6-DF9E-4FE8-9CB2-D584996594E4}.Debug|Any CPU.ActiveCfg = Debug|Any CPU
		{A507B9C6-DF9E-4FE8-9CB2-D584996594E4}.Debug|Any CPU.Build.0 = Debug|Any CPU
		{A507B9C6-DF9E-4FE8-9CB2-D584996594E4}.Release|Any CPU.ActiveCfg = Release|Any CPU
		{A507B9C6-DF9E-4FE8-9CB2-D584996594E4}.Release|Any CPU.Build.0 = Release|Any CPU
		{7A2883D4-C29C-44D5-A49E-81F0CDCE3A96}.Debug|Any CPU.ActiveCfg = Debug|Any CPU
		{7A2883D4-C29C-44D5-A49E-81F0CDCE3A96}.Debug|Any CPU.Build.0 = Debug|Any CPU
		{7A2883D4-C29C-44D5-A49E-81F0CDCE3A96}.Release|Any CPU.ActiveCfg = Release|Any CPU
		{7A2883D4-C29C-44D5-A49E-81F0CDCE3A96}.Release|Any CPU.Build.0 = Release|Any CPU
	EndGlobalSection
	GlobalSection(SolutionProperties) = preSolution
		HideSolutionNode = FALSE
	EndGlobalSection
	GlobalSection(NestedProjects) = preSolution
		{7A2883D4-C29C-44D5-A49E-81F0CDCE3A96} = {9EB50DB2-103E-4CBC-978A-8A13EE2EF545}
	EndGlobalSection
	GlobalSection(ExtensibilityGlobals) = postSolution
		SolutionGuid = {9EE6FF7A-B3FE-40B3-BD5E-CDC606D9BF7E}
	EndGlobalSection
EndGlobal
